# THIS IS AN AUTOGENERATED FILE. DO NOT EDIT THIS FILE DIRECTLY.
# yarn lockfile v1


"@near-wallet-selector/core@^6.0.1":
  version "6.0.1"
  resolved "https://registry.yarnpkg.com/@near-wallet-selector/core/-/core-6.0.1.tgz#6e3bbbfc90be07be495b15b4d565fba01cf36101"
  integrity sha512-MXxu3KA8tCoZ9ws48cN3iykFB8lbLMGW4Juy9TpgGcMZKNg6M0cAxD0fztpzYbpwj3+7m6/uxUv+5fyr19ED+g==
  dependencies:
    rxjs "^7.5.5"

rxjs@^7.5.5:
  version "7.5.6"
  resolved "https://registry.yarnpkg.com/rxjs/-/rxjs-7.5.6.tgz#0446577557862afd6903517ce7cae79ecb9662bc"
  integrity sha512-dnyv2/YsXhnm461G+R/Pe5bWP41Nm6LBXEYWI6eiFP4fiwx6WRI/CD0zbdVAudd9xwLEF2IDcKXLHit0FYjUzw==
  dependencies:
    tslib "^2.1.0"

tslib@^2.1.0:
  version "2.4.0"
  resolved "https://registry.yarnpkg.com/tslib/-/tslib-2.4.0.tgz#7cecaa7f073ce680a05847aa77be941098f36dc3"
  integrity sha512-d6xOpEDfsi2CZVlPQzGeux8XMwLT9hssAsaPYExaQMuYskwb+x1x7J371tWlbBdWHroy99KnVB6qIkUbs5X3UQ==
